
Microsoft Visual Studio Solution File, Format Version 12.00
Project("{FAE04EC0-301F-11D3-BF4B-00C04F79EFBC}") = "ReStartAI.Api", "ReStartAI.Api\ReStartAI.Api.csproj", "{D883B010-AD02-4CBA-B3E2-8CB8A0938073}"
EndProject
Global
	GlobalSection(SolutionConfigurationPlatforms) = preSolution
		Debug|Any CPU = Debug|Any CPU
		Release|Any CPU = Release|Any CPU
	EndGlobalSection
	GlobalSection(ProjectConfigurationPlatforms) = postSolution
		{D883B010-AD02-4CBA-B3E2-8CB8A0938073}.Debug|Any CPU.ActiveCfg = Debug|Any CPU
		{D883B010-AD02-4CBA-B3E2-8CB8A0938073}.Debug|Any CPU.Build.0 = Debug|Any CPU
		{D883B010-AD02-4CBA-B3E2-8CB8A0938073}.Release|Any CPU.ActiveCfg = Release|Any CPU
		{D883B010-AD02-4CBA-B3E2-8CB8A0938073}.Release|Any CPU.Build.0 = Release|Any CPU
	EndGlobalSection
EndGlobal
